// !$*UTF8*$!
{
	archiveVersion = 1;
	classes = {
	};
	objectVersion = 46;
	objects = {

/* Begin PBXBuildFile section */
		142B564F1EF3268E00FCAF4E /* FormattedTextField.swift in Sources */ = {isa = PBXBuildFile; fileRef = 142B564E1EF3268E00FCAF4E /* FormattedTextField.swift */; };
		142B56551EF33F2800FCAF4E /* FormattedTextFieldSpec.swift in Sources */ = {isa = PBXBuildFile; fileRef = 142B56541EF33F2800FCAF4E /* FormattedTextFieldSpec.swift */; };
		1432CAD31EF2D94E003D6688 /* StringFormatterSpec.swift in Sources */ = {isa = PBXBuildFile; fileRef = 1432CAD11EF2D8E9003D6688 /* StringFormatterSpec.swift */; };
		1432CAD61EF2D9EA003D6688 /* MockStringFormat.swift in Sources */ = {isa = PBXBuildFile; fileRef = 1432CAD41EF2D985003D6688 /* MockStringFormat.swift */; };
		1432CAD81EF2DC46003D6688 /* Encoder.swift in Sources */ = {isa = PBXBuildFile; fileRef = 1432CAD71EF2DC46003D6688 /* Encoder.swift */; };
		1432CADB1EF2E3D1003D6688 /* MockEncoder.swift in Sources */ = {isa = PBXBuildFile; fileRef = 1432CAD91EF2E305003D6688 /* MockEncoder.swift */; };
		1432CADE1EF2F304003D6688 /* EncoderSpec.swift in Sources */ = {isa = PBXBuildFile; fileRef = 1432CADC1EF2F2F0003D6688 /* EncoderSpec.swift */; };
		14A0AD241EF25AF000F9777D /* SKStringFormatter.framework in Frameworks */ = {isa = PBXBuildFile; fileRef = 14A0AD1A1EF25AF000F9777D /* SKStringFormatter.framework */; };
		14A0AD3D1EF25B4800F9777D /* FormatString.swift in Sources */ = {isa = PBXBuildFile; fileRef = 14A0AD351EF25B4800F9777D /* FormatString.swift */; };
		14A0AD3F1EF25B4800F9777D /* SKStringFormatter.h in Headers */ = {isa = PBXBuildFile; fileRef = 14A0AD371EF25B4800F9777D /* SKStringFormatter.h */; settings = {ATTRIBUTES = (Public, ); }; };
		14A0AD401EF25B4800F9777D /* StringFormat.swift in Sources */ = {isa = PBXBuildFile; fileRef = 14A0AD381EF25B4800F9777D /* StringFormat.swift */; };
		14A0AD411EF25B4800F9777D /* StringFormatter.swift in Sources */ = {isa = PBXBuildFile; fileRef = 14A0AD391EF25B4800F9777D /* StringFormatter.swift */; };
		14A0AD431EF25B4800F9777D /* Info.plist in Resources */ = {isa = PBXBuildFile; fileRef = 14A0AD3C1EF25B4800F9777D /* Info.plist */; };
		14A0AD441EF25B5200F9777D /* FormatStringSpec.swift in Sources */ = {isa = PBXBuildFile; fileRef = 14A0AD3B1EF25B4800F9777D /* FormatStringSpec.swift */; };
		3C43AC7B8A078E6551AE3C55 /* Pods_SKStringFormatterTests.framework in Frameworks */ = {isa = PBXBuildFile; fileRef = 7AF7CB3623B313D427B4C990 /* Pods_SKStringFormatterTests.framework */; };
		CA2ACFFA7843D6338F23050A /* Pods_SKStringFormatter.framework in Frameworks */ = {isa = PBXBuildFile; fileRef = 65E1488DD7CEC67294A80D70 /* Pods_SKStringFormatter.framework */; };
/* End PBXBuildFile section */

/* Begin PBXContainerItemProxy section */
		14A0AD251EF25AF000F9777D /* PBXContainerItemProxy */ = {
			isa = PBXContainerItemProxy;
			containerPortal = 14A0AD111EF25AEF00F9777D /* Project object */;
			proxyType = 1;
			remoteGlobalIDString = 14A0AD191EF25AF000F9777D;
			remoteInfo = SKStringFormatter;
		};
/* End PBXContainerItemProxy section */

/* Begin PBXFileReference section */
		142B564E1EF3268E00FCAF4E /* FormattedTextField.swift */ = {isa = PBXFileReference; fileEncoding = 4; lastKnownFileType = sourcecode.swift; path = FormattedTextField.swift; sourceTree = "<group>"; };
		142B56541EF33F2800FCAF4E /* FormattedTextFieldSpec.swift */ = {isa = PBXFileReference; fileEncoding = 4; lastKnownFileType = sourcecode.swift; path = FormattedTextFieldSpec.swift; sourceTree = "<group>"; };
		1432CAD11EF2D8E9003D6688 /* StringFormatterSpec.swift */ = {isa = PBXFileReference; fileEncoding = 4; lastKnownFileType = sourcecode.swift; path = StringFormatterSpec.swift; sourceTree = "<group>"; };
		1432CAD41EF2D985003D6688 /* MockStringFormat.swift */ = {isa = PBXFileReference; fileEncoding = 4; lastKnownFileType = sourcecode.swift; path = MockStringFormat.swift; sourceTree = "<group>"; };
		1432CAD71EF2DC46003D6688 /* Encoder.swift */ = {isa = PBXFileReference; fileEncoding = 4; lastKnownFileType = sourcecode.swift; path = Encoder.swift; sourceTree = "<group>"; };
		1432CAD91EF2E305003D6688 /* MockEncoder.swift */ = {isa = PBXFileReference; fileEncoding = 4; lastKnownFileType = sourcecode.swift; path = MockEncoder.swift; sourceTree = "<group>"; };
		1432CADC1EF2F2F0003D6688 /* EncoderSpec.swift */ = {isa = PBXFileReference; fileEncoding = 4; lastKnownFileType = sourcecode.swift; path = EncoderSpec.swift; sourceTree = "<group>"; };
		14A0AD1A1EF25AF000F9777D /* SKStringFormatter.framework */ = {isa = PBXFileReference; explicitFileType = wrapper.framework; includeInIndex = 0; path = SKStringFormatter.framework; sourceTree = BUILT_PRODUCTS_DIR; };
		14A0AD231EF25AF000F9777D /* SKStringFormatterTests.xctest */ = {isa = PBXFileReference; explicitFileType = wrapper.cfbundle; includeInIndex = 0; path = SKStringFormatterTests.xctest; sourceTree = BUILT_PRODUCTS_DIR; };
		14A0AD351EF25B4800F9777D /* FormatString.swift */ = {isa = PBXFileReference; fileEncoding = 4; lastKnownFileType = sourcecode.swift; path = FormatString.swift; sourceTree = "<group>"; };
		14A0AD361EF25B4800F9777D /* Info.plist */ = {isa = PBXFileReference; fileEncoding = 4; lastKnownFileType = text.plist.xml; path = Info.plist; sourceTree = "<group>"; };
		14A0AD371EF25B4800F9777D /* SKStringFormatter.h */ = {isa = PBXFileReference; fileEncoding = 4; lastKnownFileType = sourcecode.c.h; path = SKStringFormatter.h; sourceTree = "<group>"; };
		14A0AD381EF25B4800F9777D /* StringFormat.swift */ = {isa = PBXFileReference; fileEncoding = 4; lastKnownFileType = sourcecode.swift; path = StringFormat.swift; sourceTree = "<group>"; };
		14A0AD391EF25B4800F9777D /* StringFormatter.swift */ = {isa = PBXFileReference; fileEncoding = 4; lastKnownFileType = sourcecode.swift; path = StringFormatter.swift; sourceTree = "<group>"; };
		14A0AD3B1EF25B4800F9777D /* FormatStringSpec.swift */ = {isa = PBXFileReference; fileEncoding = 4; lastKnownFileType = sourcecode.swift; path = FormatStringSpec.swift; sourceTree = "<group>"; };
		14A0AD3C1EF25B4800F9777D /* Info.plist */ = {isa = PBXFileReference; fileEncoding = 4; lastKnownFileType = text.plist.xml; path = Info.plist; sourceTree = "<group>"; };
		1561482D30D8BF5979B8FE18 /* Pods-SKStringFormatterTests.release.xcconfig */ = {isa = PBXFileReference; includeInIndex = 1; lastKnownFileType = text.xcconfig; name = "Pods-SKStringFormatterTests.release.xcconfig"; path = "Pods/Target Support Files/Pods-SKStringFormatterTests/Pods-SKStringFormatterTests.release.xcconfig"; sourceTree = "<group>"; };
		31DA6E6160D05C59CC837F04 /* Pods-SKStringFormatter.release.xcconfig */ = {isa = PBXFileReference; includeInIndex = 1; lastKnownFileType = text.xcconfig; name = "Pods-SKStringFormatter.release.xcconfig"; path = "Pods/Target Support Files/Pods-SKStringFormatter/Pods-SKStringFormatter.release.xcconfig"; sourceTree = "<group>"; };
		65E1488DD7CEC67294A80D70 /* Pods_SKStringFormatter.framework */ = {isa = PBXFileReference; explicitFileType = wrapper.framework; includeInIndex = 0; path = Pods_SKStringFormatter.framework; sourceTree = BUILT_PRODUCTS_DIR; };
		6BBD1C2BA52208F0ADF66729 /* Pods-SKStringFormatterTests.debug.xcconfig */ = {isa = PBXFileReference; includeInIndex = 1; lastKnownFileType = text.xcconfig; name = "Pods-SKStringFormatterTests.debug.xcconfig"; path = "Pods/Target Support Files/Pods-SKStringFormatterTests/Pods-SKStringFormatterTests.debug.xcconfig"; sourceTree = "<group>"; };
		7AF7CB3623B313D427B4C990 /* Pods_SKStringFormatterTests.framework */ = {isa = PBXFileReference; explicitFileType = wrapper.framework; includeInIndex = 0; path = Pods_SKStringFormatterTests.framework; sourceTree = BUILT_PRODUCTS_DIR; };
		85B560D83BBE8F69C922FF46 /* Pods-SKStringFormatter.debug.xcconfig */ = {isa = PBXFileReference; includeInIndex = 1; lastKnownFileType = text.xcconfig; name = "Pods-SKStringFormatter.debug.xcconfig"; path = "Pods/Target Support Files/Pods-SKStringFormatter/Pods-SKStringFormatter.debug.xcconfig"; sourceTree = "<group>"; };
/* End PBXFileReference section */

/* Begin PBXFrameworksBuildPhase section */
		14A0AD161EF25AF000F9777D /* Frameworks */ = {
			isa = PBXFrameworksBuildPhase;
			buildActionMask = 2147483647;
			files = (
				CA2ACFFA7843D6338F23050A /* Pods_SKStringFormatter.framework in Frameworks */,
			);
			runOnlyForDeploymentPostprocessing = 0;
		};
		14A0AD201EF25AF000F9777D /* Frameworks */ = {
			isa = PBXFrameworksBuildPhase;
			buildActionMask = 2147483647;
			files = (
				14A0AD241EF25AF000F9777D /* SKStringFormatter.framework in Frameworks */,
				3C43AC7B8A078E6551AE3C55 /* Pods_SKStringFormatterTests.framework in Frameworks */,
			);
			runOnlyForDeploymentPostprocessing = 0;
		};
/* End PBXFrameworksBuildPhase section */

/* Begin PBXGroup section */
		14A0AD101EF25AEF00F9777D = {
			isa = PBXGroup;
			children = (
				14A0AD341EF25B4800F9777D /* Source */,
				14A0AD3A1EF25B4800F9777D /* Tests */,
				14A0AD1B1EF25AF000F9777D /* Products */,
				31DC86D814A9B838D2404B03 /* Pods */,
				71CC74B302DE0D03457799EA /* Frameworks */,
			);
			sourceTree = "<group>";
		};
		14A0AD1B1EF25AF000F9777D /* Products */ = {
			isa = PBXGroup;
			children = (
				14A0AD1A1EF25AF000F9777D /* SKStringFormatter.framework */,
				14A0AD231EF25AF000F9777D /* SKStringFormatterTests.xctest */,
			);
			name = Products;
			sourceTree = "<group>";
		};
		14A0AD341EF25B4800F9777D /* Source */ = {
			isa = PBXGroup;
			children = (
				1432CAD71EF2DC46003D6688 /* Encoder.swift */,
				14A0AD351EF25B4800F9777D /* FormatString.swift */,
				142B564E1EF3268E00FCAF4E /* FormattedTextField.swift */,
				14A0AD361EF25B4800F9777D /* Info.plist */,
				14A0AD371EF25B4800F9777D /* SKStringFormatter.h */,
				14A0AD381EF25B4800F9777D /* StringFormat.swift */,
				14A0AD391EF25B4800F9777D /* StringFormatter.swift */,
			);
			path = Source;
			sourceTree = "<group>";
		};
		14A0AD3A1EF25B4800F9777D /* Tests */ = {
			isa = PBXGroup;
			children = (
				1432CADC1EF2F2F0003D6688 /* EncoderSpec.swift */,
				14A0AD3B1EF25B4800F9777D /* FormatStringSpec.swift */,
				142B56541EF33F2800FCAF4E /* FormattedTextFieldSpec.swift */,
				14A0AD3C1EF25B4800F9777D /* Info.plist */,
				1432CAD91EF2E305003D6688 /* MockEncoder.swift */,
				1432CAD41EF2D985003D6688 /* MockStringFormat.swift */,
				1432CAD11EF2D8E9003D6688 /* StringFormatterSpec.swift */,
			);
			path = Tests;
			sourceTree = "<group>";
		};
		31DC86D814A9B838D2404B03 /* Pods */ = {
			isa = PBXGroup;
			children = (
				85B560D83BBE8F69C922FF46 /* Pods-SKStringFormatter.debug.xcconfig */,
				31DA6E6160D05C59CC837F04 /* Pods-SKStringFormatter.release.xcconfig */,
				6BBD1C2BA52208F0ADF66729 /* Pods-SKStringFormatterTests.debug.xcconfig */,
				1561482D30D8BF5979B8FE18 /* Pods-SKStringFormatterTests.release.xcconfig */,
			);
			name = Pods;
			sourceTree = "<group>";
		};
		71CC74B302DE0D03457799EA /* Frameworks */ = {
			isa = PBXGroup;
			children = (
				65E1488DD7CEC67294A80D70 /* Pods_SKStringFormatter.framework */,
				7AF7CB3623B313D427B4C990 /* Pods_SKStringFormatterTests.framework */,
			);
			name = Frameworks;
			sourceTree = "<group>";
		};
/* End PBXGroup section */

/* Begin PBXHeadersBuildPhase section */
		14A0AD171EF25AF000F9777D /* Headers */ = {
			isa = PBXHeadersBuildPhase;
			buildActionMask = 2147483647;
			files = (
				14A0AD3F1EF25B4800F9777D /* SKStringFormatter.h in Headers */,
			);
			runOnlyForDeploymentPostprocessing = 0;
		};
/* End PBXHeadersBuildPhase section */

/* Begin PBXNativeTarget section */
		14A0AD191EF25AF000F9777D /* SKStringFormatter */ = {
			isa = PBXNativeTarget;
			buildConfigurationList = 14A0AD2E1EF25AF000F9777D /* Build configuration list for PBXNativeTarget "SKStringFormatter" */;
			buildPhases = (
				AADE4374F39EB85F343677B7 /* [CP] Check Pods Manifest.lock */,
				14A0AD151EF25AF000F9777D /* Sources */,
				14A0AD161EF25AF000F9777D /* Frameworks */,
				14A0AD171EF25AF000F9777D /* Headers */,
				14A0AD181EF25AF000F9777D /* Resources */,
				DBEB88825B310A2B97756B5E /* [CP] Copy Pods Resources */,
				1432CAD01EF25C23003D6688 /* SwiftLint */,
			);
			buildRules = (
			);
			dependencies = (
			);
			name = SKStringFormatter;
			productName = SKStringFormatter;
			productReference = 14A0AD1A1EF25AF000F9777D /* SKStringFormatter.framework */;
			productType = "com.apple.product-type.framework";
		};
		14A0AD221EF25AF000F9777D /* SKStringFormatterTests */ = {
			isa = PBXNativeTarget;
			buildConfigurationList = 14A0AD311EF25AF000F9777D /* Build configuration list for PBXNativeTarget "SKStringFormatterTests" */;
			buildPhases = (
				2750CC247F1D4721995114B1 /* [CP] Check Pods Manifest.lock */,
				14A0AD1F1EF25AF000F9777D /* Sources */,
				14A0AD201EF25AF000F9777D /* Frameworks */,
				14A0AD211EF25AF000F9777D /* Resources */,
				96299D47C5DCFDC12CCCDAE7 /* [CP] Embed Pods Frameworks */,
				7FC901155464FB3726279149 /* [CP] Copy Pods Resources */,
			);
			buildRules = (
			);
			dependencies = (
				14A0AD261EF25AF000F9777D /* PBXTargetDependency */,
			);
			name = SKStringFormatterTests;
			productName = SKStringFormatterTests;
			productReference = 14A0AD231EF25AF000F9777D /* SKStringFormatterTests.xctest */;
			productType = "com.apple.product-type.bundle.unit-test";
		};
/* End PBXNativeTarget section */

/* Begin PBXProject section */
		14A0AD111EF25AEF00F9777D /* Project object */ = {
			isa = PBXProject;
			attributes = {
				LastSwiftUpdateCheck = 0830;
				LastUpgradeCheck = 0830;
				ORGANIZATIONNAME = "Sean Kladek";
				TargetAttributes = {
					14A0AD191EF25AF000F9777D = {
						CreatedOnToolsVersion = 8.3.2;
						DevelopmentTeam = MV978XDK83;
						ProvisioningStyle = Automatic;
					};
					14A0AD221EF25AF000F9777D = {
						CreatedOnToolsVersion = 8.3.2;
						DevelopmentTeam = MV978XDK83;
						ProvisioningStyle = Automatic;
					};
				};
			};
			buildConfigurationList = 14A0AD141EF25AEF00F9777D /* Build configuration list for PBXProject "SKStringFormatter" */;
			compatibilityVersion = "Xcode 3.2";
			developmentRegion = English;
			hasScannedForEncodings = 0;
			knownRegions = (
				en,
			);
			mainGroup = 14A0AD101EF25AEF00F9777D;
			productRefGroup = 14A0AD1B1EF25AF000F9777D /* Products */;
			projectDirPath = "";
			projectRoot = "";
			targets = (
				14A0AD191EF25AF000F9777D /* SKStringFormatter */,
				14A0AD221EF25AF000F9777D /* SKStringFormatterTests */,
			);
		};
/* End PBXProject section */

/* Begin PBXResourcesBuildPhase section */
		14A0AD181EF25AF000F9777D /* Resources */ = {
			isa = PBXResourcesBuildPhase;
			buildActionMask = 2147483647;
			files = (
				14A0AD431EF25B4800F9777D /* Info.plist in Resources */,
			);
			runOnlyForDeploymentPostprocessing = 0;
		};
		14A0AD211EF25AF000F9777D /* Resources */ = {
			isa = PBXResourcesBuildPhase;
			buildActionMask = 2147483647;
			files = (
			);
			runOnlyForDeploymentPostprocessing = 0;
		};
/* End PBXResourcesBuildPhase section */

/* Begin PBXShellScriptBuildPhase section */
		1432CAD01EF25C23003D6688 /* SwiftLint */ = {
			isa = PBXShellScriptBuildPhase;
			buildActionMask = 2147483647;
			files = (
			);
			inputPaths = (
			);
			name = SwiftLint;
			outputPaths = (
			);
			runOnlyForDeploymentPostprocessing = 0;
			shellPath = /bin/sh;
			shellScript = "${PODS_ROOT}/SwiftLint/swiftlint";
		};
		2750CC247F1D4721995114B1 /* [CP] Check Pods Manifest.lock */ = {
			isa = PBXShellScriptBuildPhase;
			buildActionMask = 2147483647;
			files = (
			);
			inputPaths = (
			);
			name = "[CP] Check Pods Manifest.lock";
			outputPaths = (
			);
			runOnlyForDeploymentPostprocessing = 0;
			shellPath = /bin/sh;
			shellScript = "diff \"${PODS_PODFILE_DIR_PATH}/Podfile.lock\" \"${PODS_ROOT}/Manifest.lock\" > /dev/null\nif [ $? != 0 ] ; then\n    # print error to STDERR\n    echo \"error: The sandbox is not in sync with the Podfile.lock. Run 'pod install' or update your CocoaPods installation.\" >&2\n    exit 1\nfi\n";
			showEnvVarsInLog = 0;
		};
		7FC901155464FB3726279149 /* [CP] Copy Pods Resources */ = {
			isa = PBXShellScriptBuildPhase;
			buildActionMask = 2147483647;
			files = (
			);
			inputPaths = (
			);
			name = "[CP] Copy Pods Resources";
			outputPaths = (
			);
			runOnlyForDeploymentPostprocessing = 0;
			shellPath = /bin/sh;
			shellScript = "\"${SRCROOT}/Pods/Target Support Files/Pods-SKStringFormatterTests/Pods-SKStringFormatterTests-resources.sh\"\n";
			showEnvVarsInLog = 0;
		};
		96299D47C5DCFDC12CCCDAE7 /* [CP] Embed Pods Frameworks */ = {
			isa = PBXShellScriptBuildPhase;
			buildActionMask = 2147483647;
			files = (
			);
			inputPaths = (
			);
			name = "[CP] Embed Pods Frameworks";
			outputPaths = (
			);
			runOnlyForDeploymentPostprocessing = 0;
			shellPath = /bin/sh;
			shellScript = "\"${SRCROOT}/Pods/Target Support Files/Pods-SKStringFormatterTests/Pods-SKStringFormatterTests-frameworks.sh\"\n";
			showEnvVarsInLog = 0;
		};
		AADE4374F39EB85F343677B7 /* [CP] Check Pods Manifest.lock */ = {
			isa = PBXShellScriptBuildPhase;
			buildActionMask = 2147483647;
			files = (
			);
			inputPaths = (
			);
			name = "[CP] Check Pods Manifest.lock";
			outputPaths = (
			);
			runOnlyForDeploymentPostprocessing = 0;
			shellPath = /bin/sh;
			shellScript = "diff \"${PODS_PODFILE_DIR_PATH}/Podfile.lock\" \"${PODS_ROOT}/Manifest.lock\" > /dev/null\nif [ $? != 0 ] ; then\n    # print error to STDERR\n    echo \"error: The sandbox is not in sync with the Podfile.lock. Run 'pod install' or update your CocoaPods installation.\" >&2\n    exit 1\nfi\n";
			showEnvVarsInLog = 0;
		};
		DBEB88825B310A2B97756B5E /* [CP] Copy Pods Resources */ = {
			isa = PBXShellScriptBuildPhase;
			buildActionMask = 2147483647;
			files = (
			);
			inputPaths = (
			);
			name = "[CP] Copy Pods Resources";
			outputPaths = (
			);
			runOnlyForDeploymentPostprocessing = 0;
			shellPath = /bin/sh;
			shellScript = "\"${SRCROOT}/Pods/Target Support Files/Pods-SKStringFormatter/Pods-SKStringFormatter-resources.sh\"\n";
			showEnvVarsInLog = 0;
		};
/* End PBXShellScriptBuildPhase section */

/* Begin PBXSourcesBuildPhase section */
		14A0AD151EF25AF000F9777D /* Sources */ = {
			isa = PBXSourcesBuildPhase;
			buildActionMask = 2147483647;
			files = (
				14A0AD3D1EF25B4800F9777D /* FormatString.swift in Sources */,
				142B564F1EF3268E00FCAF4E /* FormattedTextField.swift in Sources */,
				14A0AD411EF25B4800F9777D /* StringFormatter.swift in Sources */,
				1432CAD81EF2DC46003D6688 /* Encoder.swift in Sources */,
				14A0AD401EF25B4800F9777D /* StringFormat.swift in Sources */,
			);
			runOnlyForDeploymentPostprocessing = 0;
		};
		14A0AD1F1EF25AF000F9777D /* Sources */ = {
			isa = PBXSourcesBuildPhase;
			buildActionMask = 2147483647;
			files = (
				1432CAD31EF2D94E003D6688 /* StringFormatterSpec.swift in Sources */,
				1432CADE1EF2F304003D6688 /* EncoderSpec.swift in Sources */,
				14A0AD441EF25B5200F9777D /* FormatStringSpec.swift in Sources */,
				142B56551EF33F2800FCAF4E /* FormattedTextFieldSpec.swift in Sources */,
				1432CADB1EF2E3D1003D6688 /* MockEncoder.swift in Sources */,
				1432CAD61EF2D9EA003D6688 /* MockStringFormat.swift in Sources */,
			);
			runOnlyForDeploymentPostprocessing = 0;
		};
/* End PBXSourcesBuildPhase section */

/* Begin PBXTargetDependency section */
		14A0AD261EF25AF000F9777D /* PBXTargetDependency */ = {
			isa = PBXTargetDependency;
			target = 14A0AD191EF25AF000F9777D /* SKStringFormatter */;
			targetProxy = 14A0AD251EF25AF000F9777D /* PBXContainerItemProxy */;
		};
/* End PBXTargetDependency section */

/* Begin XCBuildConfiguration section */
		14A0AD2C1EF25AF000F9777D /* Debug */ = {
			isa = XCBuildConfiguration;
			buildSettings = {
				ALWAYS_SEARCH_USER_PATHS = NO;
				CLANG_ANALYZER_NONNULL = YES;
				CLANG_ANALYZER_NUMBER_OBJECT_CONVERSION = YES_AGGRESSIVE;
				CLANG_CXX_LANGUAGE_STANDARD = "gnu++0x";
				CLANG_CXX_LIBRARY = "libc++";
				CLANG_ENABLE_MODULES = YES;
				CLANG_ENABLE_OBJC_ARC = YES;
				CLANG_WARN_BOOL_CONVERSION = YES;
				CLANG_WARN_CONSTANT_CONVERSION = YES;
				CLANG_WARN_DIRECT_OBJC_ISA_USAGE = YES_ERROR;
				CLANG_WARN_DOCUMENTATION_COMMENTS = YES;
				CLANG_WARN_EMPTY_BODY = YES;
				CLANG_WARN_ENUM_CONVERSION = YES;
				CLANG_WARN_INFINITE_RECURSION = YES;
				CLANG_WARN_INT_CONVERSION = YES;
				CLANG_WARN_OBJC_ROOT_CLASS = YES_ERROR;
				CLANG_WARN_SUSPICIOUS_MOVE = YES;
				CLANG_WARN_UNREACHABLE_CODE = YES;
				CLANG_WARN__DUPLICATE_METHOD_MATCH = YES;
				"CODE_SIGN_IDENTITY[sdk=iphoneos*]" = "iPhone Developer";
				COPY_PHASE_STRIP = NO;
				CURRENT_PROJECT_VERSION = 1;
				DEBUG_INFORMATION_FORMAT = dwarf;
				ENABLE_STRICT_OBJC_MSGSEND = YES;
				ENABLE_TESTABILITY = YES;
				GCC_C_LANGUAGE_STANDARD = gnu99;
				GCC_DYNAMIC_NO_PIC = NO;
				GCC_NO_COMMON_BLOCKS = YES;
				GCC_OPTIMIZATION_LEVEL = 0;
				GCC_PREPROCESSOR_DEFINITIONS = (
					"DEBUG=1",
					"$(inherited)",
				);
				GCC_WARN_64_TO_32_BIT_CONVERSION = YES;
				GCC_WARN_ABOUT_RETURN_TYPE = YES_ERROR;
				GCC_WARN_UNDECLARED_SELECTOR = YES;
				GCC_WARN_UNINITIALIZED_AUTOS = YES_AGGRESSIVE;
				GCC_WARN_UNUSED_FUNCTION = YES;
				GCC_WARN_UNUSED_VARIABLE = YES;
				IPHONEOS_DEPLOYMENT_TARGET = 10.3;
				MTL_ENABLE_DEBUG_INFO = YES;
				ONLY_ACTIVE_ARCH = YES;
				SDKROOT = iphoneos;
				SWIFT_ACTIVE_COMPILATION_CONDITIONS = DEBUG;
				SWIFT_OPTIMIZATION_LEVEL = "-Onone";
				TARGETED_DEVICE_FAMILY = "1,2";
				VERSIONING_SYSTEM = "apple-generic";
				VERSION_INFO_PREFIX = "";
			};
			name = Debug;
		};
		14A0AD2D1EF25AF000F9777D /* Release */ = {
			isa = XCBuildConfiguration;
			buildSettings = {
				ALWAYS_SEARCH_USER_PATHS = NO;
				CLANG_ANALYZER_NONNULL = YES;
				CLANG_ANALYZER_NUMBER_OBJECT_CONVERSION = YES_AGGRESSIVE;
				CLANG_CXX_LANGUAGE_STANDARD = "gnu++0x";
				CLANG_CXX_LIBRARY = "libc++";
				CLANG_ENABLE_MODULES = YES;
				CLANG_ENABLE_OBJC_ARC = YES;
				CLANG_WARN_BOOL_CONVERSION = YES;
				CLANG_WARN_CONSTANT_CONVERSION = YES;
				CLANG_WARN_DIRECT_OBJC_ISA_USAGE = YES_ERROR;
				CLANG_WARN_DOCUMENTATION_COMMENTS = YES;
				CLANG_WARN_EMPTY_BODY = YES;
				CLANG_WARN_ENUM_CONVERSION = YES;
				CLANG_WARN_INFINITE_RECURSION = YES;
				CLANG_WARN_INT_CONVERSION = YES;
				CLANG_WARN_OBJC_ROOT_CLASS = YES_ERROR;
				CLANG_WARN_SUSPICIOUS_MOVE = YES;
				CLANG_WARN_UNREACHABLE_CODE = YES;
				CLANG_WARN__DUPLICATE_METHOD_MATCH = YES;
				"CODE_SIGN_IDENTITY[sdk=iphoneos*]" = "iPhone Developer";
				COPY_PHASE_STRIP = NO;
				CURRENT_PROJECT_VERSION = 1;
				DEBUG_INFORMATION_FORMAT = "dwarf-with-dsym";
				ENABLE_NS_ASSERTIONS = NO;
				ENABLE_STRICT_OBJC_MSGSEND = YES;
				GCC_C_LANGUAGE_STANDARD = gnu99;
				GCC_NO_COMMON_BLOCKS = YES;
				GCC_WARN_64_TO_32_BIT_CONVERSION = YES;
				GCC_WARN_ABOUT_RETURN_TYPE = YES_ERROR;
				GCC_WARN_UNDECLARED_SELECTOR = YES;
				GCC_WARN_UNINITIALIZED_AUTOS = YES_AGGRESSIVE;
				GCC_WARN_UNUSED_FUNCTION = YES;
				GCC_WARN_UNUSED_VARIABLE = YES;
				IPHONEOS_DEPLOYMENT_TARGET = 10.3;
				MTL_ENABLE_DEBUG_INFO = NO;
				SDKROOT = iphoneos;
				SWIFT_OPTIMIZATION_LEVEL = "-Owholemodule";
				TARGETED_DEVICE_FAMILY = "1,2";
				VALIDATE_PRODUCT = YES;
				VERSIONING_SYSTEM = "apple-generic";
				VERSION_INFO_PREFIX = "";
			};
			name = Release;
		};
		14A0AD2F1EF25AF000F9777D /* Debug */ = {
			isa = XCBuildConfiguration;
			baseConfigurationReference = 85B560D83BBE8F69C922FF46 /* Pods-SKStringFormatter.debug.xcconfig */;
			buildSettings = {
				CODE_SIGN_IDENTITY = "";
				DEFINES_MODULE = YES;
				DEVELOPMENT_TEAM = MV978XDK83;
				DYLIB_COMPATIBILITY_VERSION = 1;
				DYLIB_CURRENT_VERSION = 1;
				DYLIB_INSTALL_NAME_BASE = "@rpath";
				INFOPLIST_FILE = "$(SRCROOT)/Source/Info.plist";
				INSTALL_PATH = "$(LOCAL_LIBRARY_DIR)/Frameworks";
				IPHONEOS_DEPLOYMENT_TARGET = 9.0;
				LD_RUNPATH_SEARCH_PATHS = "$(inherited) @executable_path/Frameworks @loader_path/Frameworks";
				PRODUCT_BUNDLE_IDENTIFIER = com.skladek.SKStringFormatter;
				PRODUCT_NAME = "$(TARGET_NAME)";
				SKIP_INSTALL = YES;
				SWIFT_VERSION = 3.0;
			};
			name = Debug;
		};
		14A0AD301EF25AF000F9777D /* Release */ = {
			isa = XCBuildConfiguration;
			baseConfigurationReference = 31DA6E6160D05C59CC837F04 /* Pods-SKStringFormatter.release.xcconfig */;
			buildSettings = {
				CODE_SIGN_IDENTITY = "";
				DEFINES_MODULE = YES;
				DEVELOPMENT_TEAM = MV978XDK83;
				DYLIB_COMPATIBILITY_VERSION = 1;
				DYLIB_CURRENT_VERSION = 1;
				DYLIB_INSTALL_NAME_BASE = "@rpath";
				INFOPLIST_FILE = "$(SRCROOT)/Source/Info.plist";
				INSTALL_PATH = "$(LOCAL_LIBRARY_DIR)/Frameworks";
				IPHONEOS_DEPLOYMENT_TARGET = 9.0;
				LD_RUNPATH_SEARCH_PATHS = "$(inherited) @executable_path/Frameworks @loader_path/Frameworks";
				PRODUCT_BUNDLE_IDENTIFIER = com.skladek.SKStringFormatter;
				PRODUCT_NAME = "$(TARGET_NAME)";
				SKIP_INSTALL = YES;
				SWIFT_VERSION = 3.0;
			};
			name = Release;
		};
		14A0AD321EF25AF000F9777D /* Debug */ = {
			isa = XCBuildConfiguration;
			baseConfigurationReference = 6BBD1C2BA52208F0ADF66729 /* Pods-SKStringFormatterTests.debug.xcconfig */;
			buildSettings = {
				DEVELOPMENT_TEAM = MV978XDK83;
				INFOPLIST_FILE = Tests/Info.plist;
				LD_RUNPATH_SEARCH_PATHS = "$(inherited) @executable_path/Frameworks @loader_path/Frameworks";
				PRODUCT_BUNDLE_IDENTIFIER = com.skladek.SKStringFormatterTests;
				PRODUCT_NAME = "$(TARGET_NAME)";
				SWIFT_VERSION = 3.0;
			};
			name = Debug;
		};
		14A0AD331EF25AF000F9777D /* Release */ = {
			isa = XCBuildConfiguration;
			baseConfigurationReference = 1561482D30D8BF5979B8FE18 /* Pods-SKStringFormatterTests.release.xcconfig */;
			buildSettings = {
				DEVELOPMENT_TEAM = MV978XDK83;
				INFOPLIST_FILE = Tests/Info.plist;
				LD_RUNPATH_SEARCH_PATHS = "$(inherited) @executable_path/Frameworks @loader_path/Frameworks";
				PRODUCT_BUNDLE_IDENTIFIER = com.skladek.SKStringFormatterTests;
				PRODUCT_NAME = "$(TARGET_NAME)";
				SWIFT_VERSION = 3.0;
			};
			name = Release;
		};
/* End XCBuildConfiguration section */

/* Begin XCConfigurationList section */
		14A0AD141EF25AEF00F9777D /* Build configuration list for PBXProject "SKStringFormatter" */ = {
			isa = XCConfigurationList;
			buildConfigurations = (
				14A0AD2C1EF25AF000F9777D /* Debug */,
				14A0AD2D1EF25AF000F9777D /* Release */,
			);
			defaultConfigurationIsVisible = 0;
			defaultConfigurationName = Release;
		};
		14A0AD2E1EF25AF000F9777D /* Build configuration list for PBXNativeTarget "SKStringFormatter" */ = {
			isa = XCConfigurationList;
			buildConfigurations = (
				14A0AD2F1EF25AF000F9777D /* Debug */,
				14A0AD301EF25AF000F9777D /* Release */,
			);
			defaultConfigurationIsVisible = 0;
			defaultConfigurationName = Release;
		};
		14A0AD311EF25AF000F9777D /* Build configuration list for PBXNativeTarget "SKStringFormatterTests" */ = {
			isa = XCConfigurationList;
			buildConfigurations = (
				14A0AD321EF25AF000F9777D /* Debug */,
				14A0AD331EF25AF000F9777D /* Release */,
			);
			defaultConfigurationIsVisible = 0;
			defaultConfigurationName = Release;
		};
/* End XCConfigurationList section */
	};
	rootObject = 14A0AD111EF25AEF00F9777D /* Project object */;
}
